
Microsoft Visual Studio Solution File, Format Version 12.00
# Visual Studio Version 17
VisualStudioVersion = 17.0.31903.59
MinimumVisualStudioVersion = 10.0.40219.1
Project("{FAE04EC0-301F-11D3-BF4B-00C04F79EFBC}") = "Emitix.BillingService", "Emitix.BillingService\Emitix.BillingService.csproj", "{B19E206A-16D0-47E7-B107-2F1F79F133F9}"
EndProject
Project("{FAE04EC0-301F-11D3-BF4B-00C04F79EFBC}") = "Emitix.ProductService", "Emitix.ProductService\Emitix.ProductService.csproj", "{7BC3C173-47F2-4097-BFD2-DC495B117683}"
EndProject
Project("{FAE04EC0-301F-11D3-BF4B-00C04F79EFBC}") = "Emitix.StockService", "Emitix.StockService\Emitix.StockService.csproj", "{7A742F48-2323-4297-981D-FFFD0DE273E1}"
EndProject
Global
	GlobalSection(SolutionConfigurationPlatforms) = preSolution
		Debug|Any CPU = Debug|Any CPU
		Release|Any CPU = Release|Any CPU
	EndGlobalSection
	GlobalSection(SolutionProperties) = preSolution
		HideSolutionNode = FALSE
	EndGlobalSection
	GlobalSection(ProjectConfigurationPlatforms) = postSolution
		{B19E206A-16D0-47E7-B107-2F1F79F133F9}.Debug|Any CPU.ActiveCfg = Debug|Any CPU
		{B19E206A-16D0-47E7-B107-2F1F79F133F9}.Debug|Any CPU.Build.0 = Debug|Any CPU
		{B19E206A-16D0-47E7-B107-2F1F79F133F9}.Release|Any CPU.ActiveCfg = Release|Any CPU
		{B19E206A-16D0-47E7-B107-2F1F79F133F9}.Release|Any CPU.Build.0 = Release|Any CPU
		{7BC3C173-47F2-4097-BFD2-DC495B117683}.Debug|Any CPU.ActiveCfg = Debug|Any CPU
		{7BC3C173-47F2-4097-BFD2-DC495B117683}.Debug|Any CPU.Build.0 = Debug|Any CPU
		{7BC3C173-47F2-4097-BFD2-DC495B117683}.Release|Any CPU.ActiveCfg = Release|Any CPU
		{7BC3C173-47F2-4097-BFD2-DC495B117683}.Release|Any CPU.Build.0 = Release|Any CPU
		{7A742F48-2323-4297-981D-FFFD0DE273E1}.Debug|Any CPU.ActiveCfg = Debug|Any CPU
		{7A742F48-2323-4297-981D-FFFD0DE273E1}.Debug|Any CPU.Build.0 = Debug|Any CPU
		{7A742F48-2323-4297-981D-FFFD0DE273E1}.Release|Any CPU.ActiveCfg = Release|Any CPU
		{7A742F48-2323-4297-981D-FFFD0DE273E1}.Release|Any CPU.Build.0 = Release|Any CPU
	EndGlobalSection
EndGlobal
